Microsoft Visual Studio Solution File, Format Version 12.00
# Visual Studio 2012
Project("{FAE04EC0-301F-11D3-BF4B-00C04F79EFBC}") = "Suguri46b", "Suguri46b.csproj", "{CDD3E429-9200-47D9-86F6-F19C858D827E}"
EndProject
Global
	GlobalSection(SolutionConfigurationPlatforms) = preSolution
	Debug|Any CPU = Debug|Any CPU
	ExportDebug|Any CPU = ExportDebug|Any CPU
	ExportRelease|Any CPU = ExportRelease|Any CPU
	EndGlobalSection
	GlobalSection(ProjectConfigurationPlatforms) = postSolution
		{CDD3E429-9200-47D9-86F6-F19C858D827E}.Debug|Any CPU.ActiveCfg = Debug|Any CPU
		{CDD3E429-9200-47D9-86F6-F19C858D827E}.Debug|Any CPU.Build.0 = Debug|Any CPU
		{CDD3E429-9200-47D9-86F6-F19C858D827E}.ExportDebug|Any CPU.ActiveCfg = ExportDebug|Any CPU
		{CDD3E429-9200-47D9-86F6-F19C858D827E}.ExportDebug|Any CPU.Build.0 = ExportDebug|Any CPU
		{CDD3E429-9200-47D9-86F6-F19C858D827E}.ExportRelease|Any CPU.ActiveCfg = ExportRelease|Any CPU
		{CDD3E429-9200-47D9-86F6-F19C858D827E}.ExportRelease|Any CPU.Build.0 = ExportRelease|Any CPU
	EndGlobalSection
EndGlobal
